
Microsoft Visual Studio Solution File, Format Version 12.00
# Visual Studio 14
VisualStudioVersion = 14.0.25420.1
MinimumVisualStudioVersion = 10.0.40219.1
Project("{FAE04EC0-301F-11D3-BF4B-00C04F79EFBC}") = "ChatClient", "ChatClient\ChatClient.csproj", "{6E2A4239-783E-4884-9610-607B039DDDC2}"
EndProject
Project("{FAE04EC0-301F-11D3-BF4B-00C04F79EFBC}") = "ChatServer", "ChatServer\ChatServer.csproj", "{5A01D040-2FE7-44E7-AD2F-6D5D8FEFC28E}"
EndProject
Project("{FAE04EC0-301F-11D3-BF4B-00C04F79EFBC}") = "ChatClassLibrary", "ChatClassLibrary\ChatClassLibrary.csproj", "{8ACEC3F9-8622-4412-855B-702AD7C0D13A}"
EndProject
Global
	GlobalSection(SolutionConfigurationPlatforms) = preSolution
		Debug|Any CPU = Debug|Any CPU
		Release|Any CPU = Release|Any CPU
	EndGlobalSection
	GlobalSection(ProjectConfigurationPlatforms) = postSolution
		{6E2A4239-783E-4884-9610-607B039DDDC2}.Debug|Any CPU.ActiveCfg = Debug|Any CPU
		{6E2A4239-783E-4884-9610-607B039DDDC2}.Debug|Any CPU.Build.0 = Debug|Any CPU
		{6E2A4239-783E-4884-9610-607B039DDDC2}.Release|Any CPU.ActiveCfg = Release|Any CPU
		{6E2A4239-783E-4884-9610-607B039DDDC2}.Release|Any CPU.Build.0 = Release|Any CPU
		{5A01D040-2FE7-44E7-AD2F-6D5D8FEFC28E}.Debug|Any CPU.ActiveCfg = Debug|Any CPU
		{5A01D040-2FE7-44E7-AD2F-6D5D8FEFC28E}.Debug|Any CPU.Build.0 = Debug|Any CPU
		{5A01D040-2FE7-44E7-AD2F-6D5D8FEFC28E}.Release|Any CPU.ActiveCfg = Release|Any CPU
		{5A01D040-2FE7-44E7-AD2F-6D5D8FEFC28E}.Release|Any CPU.Build.0 = Release|Any CPU
		{8ACEC3F9-8622-4412-855B-702AD7C0D13A}.Debug|Any CPU.ActiveCfg = Debug|Any CPU
		{8ACEC3F9-8622-4412-855B-702AD7C0D13A}.Debug|Any CPU.Build.0 = Debug|Any CPU
		{8ACEC3F9-8622-4412-855B-702AD7C0D13A}.Release|Any CPU.ActiveCfg = Release|Any CPU
		{8ACEC3F9-8622-4412-855B-702AD7C0D13A}.Release|Any CPU.Build.0 = Release|Any CPU
	EndGlobalSection
	GlobalSection(SolutionProperties) = preSolution
		HideSolutionNode = FALSE
	EndGlobalSection
EndGlobal
